// !$*UTF8*$!
{
	archiveVersion = 1;
	classes = {
	};
	objectVersion = 46;
	objects = {

/* Begin PBXBuildFile section */
		4210ADFB1C0DC4CA004E07BF /* Figure.m in Sources */ = {isa = PBXBuildFile; fileRef = 4210ADFA1C0DC4CA004E07BF /* Figure.m */; settings = {ASSET_TAGS = (); }; };
		424F23091C0D60EE00B16E7F /* AppDelegate.m in Sources */ = {isa = PBXBuildFile; fileRef = 424F23081C0D60EE00B16E7F /* AppDelegate.m */; };
		424F230C1C0D60EE00B16E7F /* main.m in Sources */ = {isa = PBXBuildFile; fileRef = 424F230B1C0D60EE00B16E7F /* main.m */; };
		424F230E1C0D60EE00B16E7F /* Assets.xcassets in Resources */ = {isa = PBXBuildFile; fileRef = 424F230D1C0D60EE00B16E7F /* Assets.xcassets */; };
		424F23111C0D60EE00B16E7F /* MainMenu.xib in Resources */ = {isa = PBXBuildFile; fileRef = 424F230F1C0D60EE00B16E7F /* MainMenu.xib */; };
		429A49261C0E31CB00A8FA47 /* CoreGraphics.framework in Frameworks */ = {isa = PBXBuildFile; fileRef = 429A49251C0E31CB00A8FA47 /* CoreGraphics.framework */; };
/* End PBXBuildFile section */

/* Begin PBXFileReference section */
		4210ADF91C0DC4CA004E07BF /* Figure.h */ = {isa = PBXFileReference; fileEncoding = 4; lastKnownFileType = sourcecode.c.h; path = Figure.h; sourceTree = "<group>"; };
		4210ADFA1C0DC4CA004E07BF /* Figure.m */ = {isa = PBXFileReference; fileEncoding = 4; lastKnownFileType = sourcecode.c.objc; path = Figure.m; sourceTree = "<group>"; };
		424F23041C0D60EE00B16E7F /* Graphics_8.app */ = {isa = PBXFileReference; explicitFileType = wrapper.application; includeInIndex = 0; path = Graphics_8.app; sourceTree = BUILT_PRODUCTS_DIR; };
		424F23071C0D60EE00B16E7F /* AppDelegate.h */ = {isa = PBXFileReference; lastKnownFileType = sourcecode.c.h; path = AppDelegate.h; sourceTree = "<group>"; };
		424F23081C0D60EE00B16E7F /* AppDelegate.m */ = {isa = PBXFileReference; lastKnownFileType = sourcecode.c.objc; path = AppDelegate.m; sourceTree = "<group>"; };
		424F230B1C0D60EE00B16E7F /* main.m */ = {isa = PBXFileReference; lastKnownFileType = sourcecode.c.objc; path = main.m; sourceTree = "<group>"; };
		424F230D1C0D60EE00B16E7F /* Assets.xcassets */ = {isa = PBXFileReference; lastKnownFileType = folder.assetcatalog; path = Assets.xcassets; sourceTree = "<group>"; };
		424F23101C0D60EE00B16E7F /* Base */ = {isa = PBXFileReference; lastKnownFileType = file.xib; name = Base; path = Base.lproj/MainMenu.xib; sourceTree = "<group>"; };
		424F23121C0D60EE00B16E7F /* Info.plist */ = {isa = PBXFileReference; lastKnownFileType = text.plist.xml; path = Info.plist; sourceTree = "<group>"; };
		429A49251C0E31CB00A8FA47 /* CoreGraphics.framework */ = {isa = PBXFileReference; lastKnownFileType = wrapper.framework; name = CoreGraphics.framework; path = System/Library/Frameworks/CoreGraphics.framework; sourceTree = SDKROOT; };
/* End PBXFileReference section */

/* Begin PBXFrameworksBuildPhase section */
		424F23011C0D60EE00B16E7F /* Frameworks */ = {
			isa = PBXFrameworksBuildPhase;
			buildActionMask = 2147483647;
			files = (
				429A49261C0E31CB00A8FA47 /* CoreGraphics.framework in Frameworks */,
			);
			runOnlyForDeploymentPostprocessing = 0;
		};
/* End PBXFrameworksBuildPhase section */

/* Begin PBXGroup section */
		424F22FB1C0D60EE00B16E7F = {
			isa = PBXGroup;
			children = (
				429A49251C0E31CB00A8FA47 /* CoreGraphics.framework */,
				424F23061C0D60EE00B16E7F /* Graphics_8 */,
				424F23051C0D60EE00B16E7F /* Products */,
			);
			sourceTree = "<group>";
		};
		424F23051C0D60EE00B16E7F /* Products */ = {
			isa = PBXGroup;
			children = (
				424F23041C0D60EE00B16E7F /* Graphics_8.app */,
			);
			name = Products;
			sourceTree = "<group>";
		};
		424F23061C0D60EE00B16E7F /* Graphics_8 */ = {
			isa = PBXGroup;
			children = (
				424F23071C0D60EE00B16E7F /* AppDelegate.h */,
				424F23081C0D60EE00B16E7F /* AppDelegate.m */,
				424F230D1C0D60EE00B16E7F /* Assets.xcassets */,
				424F230F1C0D60EE00B16E7F /* MainMenu.xib */,
				4210ADF91C0DC4CA004E07BF /* Figure.h */,
				4210ADFA1C0DC4CA004E07BF /* Figure.m */,
				424F23121C0D60EE00B16E7F /* Info.plist */,
				424F230A1C0D60EE00B16E7F /* Supporting Files */,
			);
			path = Graphics_8;
			sourceTree = "<group>";
		};
		424F230A1C0D60EE00B16E7F /* Supporting Files */ = {
			isa = PBXGroup;
			children = (
				424F230B1C0D60EE00B16E7F /* main.m */,
			);
			name = "Supporting Files";
			sourceTree = "<group>";
		};
/* End PBXGroup section */

/* Begin PBXNativeTarget section */
		424F23031C0D60EE00B16E7F /* Graphics_8 */ = {
			isa = PBXNativeTarget;
			buildConfigurationList = 424F23151C0D60EE00B16E7F /* Build configuration list for PBXNativeTarget "Graphics_8" */;
			buildPhases = (
				424F23001C0D60EE00B16E7F /* Sources */,
				424F23011C0D60EE00B16E7F /* Frameworks */,
				424F23021C0D60EE00B16E7F /* Resources */,
			);
			buildRules = (
			);
			dependencies = (
			);
			name = Graphics_8;
			productName = Graphics_8;
			productReference = 424F23041C0D60EE00B16E7F /* Graphics_8.app */;
			productType = "com.apple.product-type.application";
		};
/* End PBXNativeTarget section */

/* Begin PBXProject section */
		424F22FC1C0D60EE00B16E7F /* Project object */ = {
			isa = PBXProject;
			attributes = {
				LastUpgradeCheck = 0700;
				ORGANIZATIONNAME = "Mark Kashincev";
				TargetAttributes = {
					424F23031C0D60EE00B16E7F = {
						CreatedOnToolsVersion = 7.0;
					};
				};
			};
			buildConfigurationList = 424F22FF1C0D60EE00B16E7F /* Build configuration list for PBXProject "Graphics_8" */;
			compatibilityVersion = "Xcode 3.2";
			developmentRegion = English;
			hasScannedForEncodings = 0;
			knownRegions = (
				en,
				Base,
			);
			mainGroup = 424F22FB1C0D60EE00B16E7F;
			productRefGroup = 424F23051C0D60EE00B16E7F /* Products */;
			projectDirPath = "";
			projectRoot = "";
			targets = (
				424F23031C0D60EE00B16E7F /* Graphics_8 */,
			);
		};
/* End PBXProject section */

/* Begin PBXResourcesBuildPhase section */
		424F23021C0D60EE00B16E7F /* Resources */ = {
			isa = PBXResourcesBuildPhase;
			buildActionMask = 2147483647;
			files = (
				424F230E1C0D60EE00B16E7F /* Assets.xcassets in Resources */,
				424F23111C0D60EE00B16E7F /* MainMenu.xib in Resources */,
			);
			runOnlyForDeploymentPostprocessing = 0;
		};
/* End PBXResourcesBuildPhase section */

/* Begin PBXSourcesBuildPhase section */
		424F23001C0D60EE00B16E7F /* Sources */ = {
			isa = PBXSourcesBuildPhase;
			buildActionMask = 2147483647;
			files = (
				4210ADFB1C0DC4CA004E07BF /* Figure.m in Sources */,
				424F230C1C0D60EE00B16E7F /* main.m in Sources */,
				424F23091C0D60EE00B16E7F /* AppDelegate.m in Sources */,
			);
			runOnlyForDeploymentPostprocessing = 0;
		};
/* End PBXSourcesBuildPhase section */

/* Begin PBXVariantGroup section */
		424F230F1C0D60EE00B16E7F /* MainMenu.xib */ = {
			isa = PBXVariantGroup;
			children = (
				424F23101C0D60EE00B16E7F /* Base */,
			);
			name = MainMenu.xib;
			sourceTree = "<group>";
		};
/* End PBXVariantGroup section */

/* Begin XCBuildConfiguration section */
		424F23131C0D60EE00B16E7F /* Debug */ = {
			isa = XCBuildConfiguration;
			buildSettings = {
				ALWAYS_SEARCH_USER_PATHS = NO;
				CLANG_CXX_LANGUAGE_STANDARD = "gnu++0x";
				CLANG_CXX_LIBRARY = "libc++";
				CLANG_ENABLE_MODULES = YES;
				CLANG_ENABLE_OBJC_ARC = YES;
				CLANG_WARN_BOOL_CONVERSION = YES;
				CLANG_WARN_CONSTANT_CONVERSION = YES;
				CLANG_WARN_DIRECT_OBJC_ISA_USAGE = YES_ERROR;
				CLANG_WARN_EMPTY_BODY = YES;
				CLANG_WARN_ENUM_CONVERSION = YES;
				CLANG_WARN_INT_CONVERSION = YES;
				CLANG_WARN_OBJC_ROOT_CLASS = YES_ERROR;
				CLANG_WARN_UNREACHABLE_CODE = YES;
				CLANG_WARN__DUPLICATE_METHOD_MATCH = YES;
				CODE_SIGN_IDENTITY = "-";
				COPY_PHASE_STRIP = NO;
				DEBUG_INFORMATION_FORMAT = dwarf;
				ENABLE_STRICT_OBJC_MSGSEND = YES;
				ENABLE_TESTABILITY = YES;
				GCC_C_LANGUAGE_STANDARD = gnu99;
				GCC_DYNAMIC_NO_PIC = NO;
				GCC_NO_COMMON_BLOCKS = YES;
				GCC_OPTIMIZATION_LEVEL = 0;
				GCC_PREPROCESSOR_DEFINITIONS = (
					"DEBUG=1",
					"$(inherited)",
				);
				GCC_WARN_64_TO_32_BIT_CONVERSION = YES;
				GCC_WARN_ABOUT_RETURN_TYPE = YES_ERROR;
				GCC_WARN_UNDECLARED_SELECTOR = YES;
				GCC_WARN_UNINITIALIZED_AUTOS = YES_AGGRESSIVE;
				GCC_WARN_UNUSED_FUNCTION = YES;
				GCC_WARN_UNUSED_VARIABLE = YES;
				MACOSX_DEPLOYMENT_TARGET = 10.11;
				MTL_ENABLE_DEBUG_INFO = YES;
				ONLY_ACTIVE_ARCH = YES;
				SDKROOT = macosx;
			};
			name = Debug;
		};
		424F23141C0D60EE00B16E7F /* Release */ = {
			isa = XCBuildConfiguration;
			buildSettings = {
				ALWAYS_SEARCH_USER_PATHS = NO;
				CLANG_CXX_LANGUAGE_STANDARD = "gnu++0x";
				CLANG_CXX_LIBRARY = "libc++";
				CLANG_ENABLE_MODULES = YES;
				CLANG_ENABLE_OBJC_ARC = YES;
				CLANG_WARN_BOOL_CONVERSION = YES;
				CLANG_WARN_CONSTANT_CONVERSION = YES;
				CLANG_WARN_DIRECT_OBJC_ISA_USAGE = YES_ERROR;
				CLANG_WARN_EMPTY_BODY = YES;
				CLANG_WARN_ENUM_CONVERSION = YES;
				CLANG_WARN_INT_CONVERSION = YES;
				CLANG_WARN_OBJC_ROOT_CLASS = YES_ERROR;
				CLANG_WARN_UNREACHABLE_CODE = YES;
				CLANG_WARN__DUPLICATE_METHOD_MATCH = YES;
				CODE_SIGN_IDENTITY = "-";
				COPY_PHASE_STRIP = NO;
				DEBUG_INFORMATION_FORMAT = "dwarf-with-dsym";
				ENABLE_NS_ASSERTIONS = NO;
				ENABLE_STRICT_OBJC_MSGSEND = YES;
				GCC_C_LANGUAGE_STANDARD = gnu99;
				GCC_NO_COMMON_BLOCKS = YES;
				GCC_WARN_64_TO_32_BIT_CONVERSION = YES;
				GCC_WARN_ABOUT_RETURN_TYPE = YES_ERROR;
				GCC_WARN_UNDECLARED_SELECTOR = YES;
				GCC_WARN_UNINITIALIZED_AUTOS = YES_AGGRESSIVE;
				GCC_WARN_UNUSED_FUNCTION = YES;
				GCC_WARN_UNUSED_VARIABLE = YES;
				MACOSX_DEPLOYMENT_TARGET = 10.11;
				MTL_ENABLE_DEBUG_INFO = NO;
				SDKROOT = macosx;
			};
			name = Release;
		};
		424F23161C0D60EE00B16E7F /* Debug */ = {
			isa = XCBuildConfiguration;
			buildSettings = {
				ASSETCATALOG_COMPILER_APPICON_NAME = AppIcon;
				COMBINE_HIDPI_IMAGES = YES;
				INFOPLIST_FILE = Graphics_8/Info.plist;
				LD_RUNPATH_SEARCH_PATHS = "$(inherited) @executable_path/../Frameworks";
				PRODUCT_BUNDLE_IDENTIFIER = "com.KB.Graphics-8";
				PRODUCT_NAME = "$(TARGET_NAME)";
			};
			name = Debug;
		};
		424F23171C0D60EE00B16E7F /* Release */ = {
			isa = XCBuildConfiguration;
			buildSettings = {
				ASSETCATALOG_COMPILER_APPICON_NAME = AppIcon;
				COMBINE_HIDPI_IMAGES = YES;
				INFOPLIST_FILE = Graphics_8/Info.plist;
				LD_RUNPATH_SEARCH_PATHS = "$(inherited) @executable_path/../Frameworks";
				PRODUCT_BUNDLE_IDENTIFIER = "com.KB.Graphics-8";
				PRODUCT_NAME = "$(TARGET_NAME)";
			};
			name = Release;
		};
/* End XCBuildConfiguration section */

/* Begin XCConfigurationList section */
		424F22FF1C0D60EE00B16E7F /* Build configuration list for PBXProject "Graphics_8" */ = {
			isa = XCConfigurationList;
			buildConfigurations = (
				424F23131C0D60EE00B16E7F /* Debug */,
				424F23141C0D60EE00B16E7F /* Release */,
			);
			defaultConfigurationIsVisible = 0;
			defaultConfigurationName = Release;
		};
		424F23151C0D60EE00B16E7F /* Build configuration list for PBXNativeTarget "Graphics_8" */ = {
			isa = XCConfigurationList;
			buildConfigurations = (
				424F23161C0D60EE00B16E7F /* Debug */,
				424F23171C0D60EE00B16E7F /* Release */,
			);
			defaultConfigurationIsVisible = 0;
			defaultConfigurationName = Release;
		};
/* End XCConfigurationList section */
	};
	rootObject = 424F22FC1C0D60EE00B16E7F /* Project object */;
}
